
Microsoft Visual Studio Solution File, Format Version 12.00
# Visual Studio Version 16
VisualStudioVersion = 16.0.30114.105
MinimumVisualStudioVersion = 10.0.40219.1
Project("{FAE04EC0-301F-11D3-BF4B-00C04F79EFBC}") = "API", "API\API.csproj", "{B9FBAF5A-EFAA-4E76-9B17-5D73D2B78439}"
EndProject
Project("{FAE04EC0-301F-11D3-BF4B-00C04F79EFBC}") = "Core", "Core\Core.csproj", "{DFD2333E-2613-43E5-B107-3E935B32FD5C}"
EndProject
Project("{FAE04EC0-301F-11D3-BF4B-00C04F79EFBC}") = "Infrastructure", "Infrastructure\Infrastructure.csproj", "{D8FF5C80-A245-43C1-ADA7-0437C099B586}"
EndProject
Global
	GlobalSection(SolutionConfigurationPlatforms) = preSolution
		Debug|Any CPU = Debug|Any CPU
		Release|Any CPU = Release|Any CPU
	EndGlobalSection
	GlobalSection(SolutionProperties) = preSolution
		HideSolutionNode = FALSE
	EndGlobalSection
	GlobalSection(ProjectConfigurationPlatforms) = postSolution
		{B9FBAF5A-EFAA-4E76-9B17-5D73D2B78439}.Debug|Any CPU.ActiveCfg = Debug|Any CPU
		{B9FBAF5A-EFAA-4E76-9B17-5D73D2B78439}.Debug|Any CPU.Build.0 = Debug|Any CPU
		{B9FBAF5A-EFAA-4E76-9B17-5D73D2B78439}.Release|Any CPU.ActiveCfg = Release|Any CPU
		{B9FBAF5A-EFAA-4E76-9B17-5D73D2B78439}.Release|Any CPU.Build.0 = Release|Any CPU
		{DFD2333E-2613-43E5-B107-3E935B32FD5C}.Debug|Any CPU.ActiveCfg = Debug|Any CPU
		{DFD2333E-2613-43E5-B107-3E935B32FD5C}.Debug|Any CPU.Build.0 = Debug|Any CPU
		{DFD2333E-2613-43E5-B107-3E935B32FD5C}.Release|Any CPU.ActiveCfg = Release|Any CPU
		{DFD2333E-2613-43E5-B107-3E935B32FD5C}.Release|Any CPU.Build.0 = Release|Any CPU
		{D8FF5C80-A245-43C1-ADA7-0437C099B586}.Debug|Any CPU.ActiveCfg = Debug|Any CPU
		{D8FF5C80-A245-43C1-ADA7-0437C099B586}.Debug|Any CPU.Build.0 = Debug|Any CPU
		{D8FF5C80-A245-43C1-ADA7-0437C099B586}.Release|Any CPU.ActiveCfg = Release|Any CPU
		{D8FF5C80-A245-43C1-ADA7-0437C099B586}.Release|Any CPU.Build.0 = Release|Any CPU
	EndGlobalSection
EndGlobal
